
Microsoft Visual Studio Solution File, Format Version 12.00
# Visual Studio 2013
VisualStudioVersion = 12.0.20824.1
MinimumVisualStudioVersion = 10.0.40219.1
Project("{FAE04EC0-301F-11D3-BF4B-00C04F79EFBC}") = "Empee.Infrastructure", "Empee.Infrastructure\Empee.Infrastructure.csproj", "{418B3D23-D1D2-48CF-874D-D1D0BB1436CD}"
EndProject
Project("{FAE04EC0-301F-11D3-BF4B-00C04F79EFBC}") = "Empee.Domain", "Empee.Domain\Empee.Domain.csproj", "{872C5544-C70F-4397-BF25-A64547FECC90}"
EndProject
Project("{2150E333-8FDC-42A3-9474-1A3956D46DE8}") = ".nuget", ".nuget", "{046BEF13-26BD-46E2-840A-2E8AD6182BB0}"
	ProjectSection(SolutionItems) = preProject
		.nuget\NuGet.Config = .nuget\NuGet.Config
		.nuget\NuGet.exe = .nuget\NuGet.exe
		.nuget\NuGet.targets = .nuget\NuGet.targets
	EndProjectSection
EndProject
Project("{FAE04EC0-301F-11D3-BF4B-00C04F79EFBC}") = "Showcase", "Showcase\Showcase.csproj", "{66EB5791-AF4A-4D80-8CF2-F82048AEA034}"
EndProject
Project("{2150E333-8FDC-42A3-9474-1A3956D46DE8}") = "Solution Items", "Solution Items", "{923AA3A3-F462-409A-A28E-35DFBCF708D1}"
	ProjectSection(SolutionItems) = preProject
		README.md = README.md
	EndProjectSection
EndProject
Global
	GlobalSection(SolutionConfigurationPlatforms) = preSolution
		Debug|Any CPU = Debug|Any CPU
		Release|Any CPU = Release|Any CPU
	EndGlobalSection
	GlobalSection(ProjectConfigurationPlatforms) = postSolution
		{418B3D23-D1D2-48CF-874D-D1D0BB1436CD}.Debug|Any CPU.ActiveCfg = Debug|Any CPU
		{418B3D23-D1D2-48CF-874D-D1D0BB1436CD}.Debug|Any CPU.Build.0 = Debug|Any CPU
		{418B3D23-D1D2-48CF-874D-D1D0BB1436CD}.Release|Any CPU.ActiveCfg = Release|Any CPU
		{418B3D23-D1D2-48CF-874D-D1D0BB1436CD}.Release|Any CPU.Build.0 = Release|Any CPU
		{872C5544-C70F-4397-BF25-A64547FECC90}.Debug|Any CPU.ActiveCfg = Debug|Any CPU
		{872C5544-C70F-4397-BF25-A64547FECC90}.Debug|Any CPU.Build.0 = Debug|Any CPU
		{872C5544-C70F-4397-BF25-A64547FECC90}.Release|Any CPU.ActiveCfg = Release|Any CPU
		{872C5544-C70F-4397-BF25-A64547FECC90}.Release|Any CPU.Build.0 = Release|Any CPU
		{66EB5791-AF4A-4D80-8CF2-F82048AEA034}.Debug|Any CPU.ActiveCfg = Debug|Any CPU
		{66EB5791-AF4A-4D80-8CF2-F82048AEA034}.Debug|Any CPU.Build.0 = Debug|Any CPU
		{66EB5791-AF4A-4D80-8CF2-F82048AEA034}.Release|Any CPU.ActiveCfg = Release|Any CPU
		{66EB5791-AF4A-4D80-8CF2-F82048AEA034}.Release|Any CPU.Build.0 = Release|Any CPU
	EndGlobalSection
	GlobalSection(SolutionProperties) = preSolution
		HideSolutionNode = FALSE
	EndGlobalSection
EndGlobal
